{
  "version": "4",
  "specifiers": {
    "npm:@sveltejs/adapter-static@^3.0.6": "3.0.8_@sveltejs+kit@2.20.7__@sveltejs+vite-plugin-svelte@5.0.3___svelte@5.28.2____acorn@8.14.1___vite@6.3.3____picomatch@4.0.2__svelte@5.28.2___acorn@8.14.1__vite@6.3.3___picomatch@4.0.2_@sveltejs+vite-plugin-svelte@5.0.3__svelte@5.28.2___acorn@8.14.1__vite@6.3.3___picomatch@4.0.2_svelte@5.28.2__acorn@8.14.1_vite@6.3.3__picomatch@4.0.2",
    "npm:@sveltejs/kit@^2.20.7": "2.20.7_@sveltejs+vite-plugin-svelte@5.0.3__svelte@5.28.2___acorn@8.14.1__vite@6.3.3___picomatch@4.0.2_svelte@5.28.2__acorn@8.14.1_vite@6.3.3__picomatch@4.0.2",
    "npm:@sveltejs/vite-plugin-svelte@5": "5.0.3_svelte@5.28.2__acorn@8.14.1_vite@6.3.3__picomatch@4.0.2",
    "npm:@tailwindcss/vite@^4.1.4": "4.1.4_vite@6.3.3__picomatch@4.0.2",
    "npm:@tauri-apps/api@2": "2.2.0",
    "npm:@tauri-apps/api@^2.3.0": "2.3.0",
    "npm:@tauri-apps/api@^2.4.0": "2.4.0",
    "npm:@tauri-apps/api@^2.4.1": "2.4.1",
    "npm:@tauri-apps/api@^2.5.0": "2.5.0",
    "npm:@tauri-apps/cli@^2.5.0": "2.5.0",
    "npm:@tauri-apps/plugin-clipboard-manager@^2.2.2": "2.2.2",
    "npm:@tauri-apps/plugin-dialog@~2.2.1": "2.2.1",
    "npm:@tauri-apps/plugin-fs@~2.2.1": "2.2.1",
    "npm:@tauri-apps/plugin-global-shortcut@2": "2.2.0",
    "npm:@tauri-apps/plugin-http@~2.4.3": "2.4.3",
    "npm:@tauri-apps/plugin-log@^2.4.0": "2.4.0",
    "npm:@tauri-apps/plugin-notification@^2.2.2": "2.2.2",
    "npm:@tauri-apps/plugin-opener@^2.2.6": "2.2.6",
    "npm:@tauri-apps/plugin-process@^2.2.1": "2.2.1",
    "npm:@tauri-apps/plugin-store@2.2": "2.2.0",
    "npm:@tauri-apps/plugin-updater@^2.7.1": "2.7.1",
    "npm:@tauri-apps/plugin-upload@~2.2.1": "2.2.1",
    "npm:bits-ui@^1.4.1": "1.4.1_svelte@5.28.2__acorn@8.14.1",
    "npm:clsx@^2.1.1": "2.1.1",
    "npm:daisyui@^5.0.29": "5.0.29",
    "npm:extendable-media-recorder-wav-encoder@^7.0.127": "7.0.127",
    "npm:extendable-media-recorder@^9.2.23": "9.2.23",
    "npm:svelte-check@^4.1.6": "4.1.6_svelte@5.28.2__acorn@8.14.1_typescript@5.8.3",
    "npm:svelte-persisted-store@0.12": "0.12.0_svelte@5.28.2__acorn@8.14.1",
    "npm:svelte-sonner@~0.3.28": "0.3.28_svelte@5.28.2__acorn@8.14.1",
    "npm:svelte@^5.28.2": "5.28.2_acorn@8.14.1",
    "npm:tailwind-merge@^3.2.0": "3.2.0",
    "npm:tailwind-variants@1": "1.0.0_tailwindcss@4.1.4",
    "npm:tailwindcss@^4.1.4": "4.1.4",
    "npm:typescript@^5.8.3": "5.8.3",
    "npm:vite@^6.3.3": "6.3.3_picomatch@4.0.2"
  },
  "npm": {
    "@ampproject/remapping@2.3.0": {
      "integrity": "sha512-30iZtAPgz+LTIYoeivqYo853f02jBYSd5uGnGpkFV0M3xOt9aN73erkgYAmZU43x4VfqcnLxW9Kpg3R5LC4YYw==",
      "dependencies": [
        "@jridgewell/gen-mapping",
        "@jridgewell/trace-mapping"
      ]
    },
    "@babel/runtime@7.27.0": {
      "integrity": "sha512-VtPOkrdPHZsKc/clNqyi9WUA8TINkZ4cGk63UUE3u4pmB2k+ZMQRDuIOagv8UVd6j7k0T3+RRIb7beKTebNbcw==",
      "dependencies": [
        "regenerator-runtime"
      ]
    },
    "@emnapi/core@1.4.3": {
      "integrity": "sha512-4m62DuCE07lw01soJwPiBGC0nAww0Q+RY70VZ+n49yDIO13yyinhbWCeNnaob0lakDtWQzSdtNWzJeOJt2ma+g==",
      "dependencies": [
        "@emnapi/wasi-threads",
        "tslib"
      ]
    },
    "@emnapi/runtime@1.4.3": {
      "integrity": "sha512-pBPWdu6MLKROBX05wSNKcNb++m5Er+KQ9QkB+WVM+pW2Kx9hoSrVTnu3BdkI5eBLZoKu/J6mW/B6i6bJB2ytXQ==",
      "dependencies": [
        "tslib"
      ]
    },
    "@emnapi/wasi-threads@1.0.2": {
      "integrity": "sha512-5n3nTJblwRi8LlXkJ9eBzu+kZR8Yxcc7ubakyQTFzPMtIhFpUBRbsnc2Dv88IZDIbCDlBiWrknhB4Lsz7mg6BA==",
      "dependencies": [
        "tslib"
      ]
    },
    "@esbuild/aix-ppc64@0.25.3": {
      "integrity": "sha512-W8bFfPA8DowP8l//sxjJLSLkD8iEjMc7cBVyP+u4cEv9sM7mdUCkgsj+t0n/BWPFtv7WWCN5Yzj0N6FJNUUqBQ=="
    },
    "@esbuild/android-arm64@0.25.3": {
      "integrity": "sha512-XelR6MzjlZuBM4f5z2IQHK6LkK34Cvv6Rj2EntER3lwCBFdg6h2lKbtRjpTTsdEjD/WSe1q8UyPBXP1x3i/wYQ=="
    },
    "@esbuild/android-arm@0.25.3": {
      "integrity": "sha512-PuwVXbnP87Tcff5I9ngV0lmiSu40xw1At6i3GsU77U7cjDDB4s0X2cyFuBiDa1SBk9DnvWwnGvVaGBqoFWPb7A=="
    },
    "@esbuild/android-x64@0.25.3": {
      "integrity": "sha512-ogtTpYHT/g1GWS/zKM0cc/tIebFjm1F9Aw1boQ2Y0eUQ+J89d0jFY//s9ei9jVIlkYi8AfOjiixcLJSGNSOAdQ=="
    },
    "@esbuild/darwin-arm64@0.25.3": {
      "integrity": "sha512-eESK5yfPNTqpAmDfFWNsOhmIOaQA59tAcF/EfYvo5/QWQCzXn5iUSOnqt3ra3UdzBv073ykTtmeLJZGt3HhA+w=="
    },
    "@esbuild/darwin-x64@0.25.3": {
      "integrity": "sha512-Kd8glo7sIZtwOLcPbW0yLpKmBNWMANZhrC1r6K++uDR2zyzb6AeOYtI6udbtabmQpFaxJ8uduXMAo1gs5ozz8A=="
    },
    "@esbuild/freebsd-arm64@0.25.3": {
      "integrity": "sha512-EJiyS70BYybOBpJth3M0KLOus0n+RRMKTYzhYhFeMwp7e/RaajXvP+BWlmEXNk6uk+KAu46j/kaQzr6au+JcIw=="
    },
    "@esbuild/freebsd-x64@0.25.3": {
      "integrity": "sha512-Q+wSjaLpGxYf7zC0kL0nDlhsfuFkoN+EXrx2KSB33RhinWzejOd6AvgmP5JbkgXKmjhmpfgKZq24pneodYqE8Q=="
    },
    "@esbuild/linux-arm64@0.25.3": {
      "integrity": "sha512-xCUgnNYhRD5bb1C1nqrDV1PfkwgbswTTBRbAd8aH5PhYzikdf/ddtsYyMXFfGSsb/6t6QaPSzxtbfAZr9uox4A=="
    },
    "@esbuild/linux-arm@0.25.3": {
      "integrity": "sha512-dUOVmAUzuHy2ZOKIHIKHCm58HKzFqd+puLaS424h6I85GlSDRZIA5ycBixb3mFgM0Jdh+ZOSB6KptX30DD8YOQ=="
    },
    "@esbuild/linux-ia32@0.25.3": {
      "integrity": "sha512-yplPOpczHOO4jTYKmuYuANI3WhvIPSVANGcNUeMlxH4twz/TeXuzEP41tGKNGWJjuMhotpGabeFYGAOU2ummBw=="
    },
    "@esbuild/linux-loong64@0.25.3": {
      "integrity": "sha512-P4BLP5/fjyihmXCELRGrLd793q/lBtKMQl8ARGpDxgzgIKJDRJ/u4r1A/HgpBpKpKZelGct2PGI4T+axcedf6g=="
    },
    "@esbuild/linux-mips64el@0.25.3": {
      "integrity": "sha512-eRAOV2ODpu6P5divMEMa26RRqb2yUoYsuQQOuFUexUoQndm4MdpXXDBbUoKIc0iPa4aCO7gIhtnYomkn2x+bag=="
    },
    "@esbuild/linux-ppc64@0.25.3": {
      "integrity": "sha512-ZC4jV2p7VbzTlnl8nZKLcBkfzIf4Yad1SJM4ZMKYnJqZFD4rTI+pBG65u8ev4jk3/MPwY9DvGn50wi3uhdaghg=="
    },
    "@esbuild/linux-riscv64@0.25.3": {
      "integrity": "sha512-LDDODcFzNtECTrUUbVCs6j9/bDVqy7DDRsuIXJg6so+mFksgwG7ZVnTruYi5V+z3eE5y+BJZw7VvUadkbfg7QA=="
    },
    "@esbuild/linux-s390x@0.25.3": {
      "integrity": "sha512-s+w/NOY2k0yC2p9SLen+ymflgcpRkvwwa02fqmAwhBRI3SC12uiS10edHHXlVWwfAagYSY5UpmT/zISXPMW3tQ=="
    },
    "@esbuild/linux-x64@0.25.3": {
      "integrity": "sha512-nQHDz4pXjSDC6UfOE1Fw9Q8d6GCAd9KdvMZpfVGWSJztYCarRgSDfOVBY5xwhQXseiyxapkiSJi/5/ja8mRFFA=="
    },
    "@esbuild/netbsd-arm64@0.25.3": {
      "integrity": "sha512-1QaLtOWq0mzK6tzzp0jRN3eccmN3hezey7mhLnzC6oNlJoUJz4nym5ZD7mDnS/LZQgkrhEbEiTn515lPeLpgWA=="
    },
    "@esbuild/netbsd-x64@0.25.3": {
      "integrity": "sha512-i5Hm68HXHdgv8wkrt+10Bc50zM0/eonPb/a/OFVfB6Qvpiirco5gBA5bz7S2SHuU+Y4LWn/zehzNX14Sp4r27g=="
    },
    "@esbuild/openbsd-arm64@0.25.3": {
      "integrity": "sha512-zGAVApJEYTbOC6H/3QBr2mq3upG/LBEXr85/pTtKiv2IXcgKV0RT0QA/hSXZqSvLEpXeIxah7LczB4lkiYhTAQ=="
    },
    "@esbuild/openbsd-x64@0.25.3": {
      "integrity": "sha512-fpqctI45NnCIDKBH5AXQBsD0NDPbEFczK98hk/aa6HJxbl+UtLkJV2+Bvy5hLSLk3LHmqt0NTkKNso1A9y1a4w=="
    },
    "@esbuild/sunos-x64@0.25.3": {
      "integrity": "sha512-ROJhm7d8bk9dMCUZjkS8fgzsPAZEjtRJqCAmVgB0gMrvG7hfmPmz9k1rwO4jSiblFjYmNvbECL9uhaPzONMfgA=="
    },
    "@esbuild/win32-arm64@0.25.3": {
      "integrity": "sha512-YWcow8peiHpNBiIXHwaswPnAXLsLVygFwCB3A7Bh5jRkIBFWHGmNQ48AlX4xDvQNoMZlPYzjVOQDYEzWCqufMQ=="
    },
    "@esbuild/win32-ia32@0.25.3": {
      "integrity": "sha512-qspTZOIGoXVS4DpNqUYUs9UxVb04khS1Degaw/MnfMe7goQ3lTfQ13Vw4qY/Nj0979BGvMRpAYbs/BAxEvU8ew=="
    },
    "@esbuild/win32-x64@0.25.3": {
      "integrity": "sha512-ICgUR+kPimx0vvRzf+N/7L7tVSQeE3BYY+NhHRHXS1kBuPO7z2+7ea2HbhDyZdTephgvNvKrlDDKUexuCVBVvg=="
    },
    "@floating-ui/core@1.6.9": {
      "integrity": "sha512-uMXCuQ3BItDUbAMhIXw7UPXRfAlOAvZzdK9BWpE60MCn+Svt3aLn9jsPTi/WNGlRUu2uI0v5S7JiIUsbsvh3fw==",
      "dependencies": [
        "@floating-ui/utils"
      ]
    },
    "@floating-ui/dom@1.6.13": {
      "integrity": "sha512-umqzocjDgNRGTuO7Q8CU32dkHkECqI8ZdMZ5Swb6QAM0t5rnlrN3lGo1hdpscRd3WS8T6DKYK4ephgIH9iRh3w==",
      "dependencies": [
        "@floating-ui/core",
        "@floating-ui/utils"
      ]
    },
    "@floating-ui/utils@0.2.9": {
      "integrity": "sha512-MDWhGtE+eHw5JW7lq4qhc5yRLS11ERl1c7Z6Xd0a58DozHES6EnNNwUWbMiG4J9Cgj053Bhk8zvlhFYKVhULwg=="
    },
    "@internationalized/date@3.8.0": {
      "integrity": "sha512-J51AJ0fEL68hE4CwGPa6E0PO6JDaVLd8aln48xFCSy7CZkZc96dGEGmLs2OEEbBxcsVZtfrqkXJwI2/MSG8yKw==",
      "dependencies": [
        "@swc/helpers"
      ]
    },
    "@jridgewell/gen-mapping@0.3.8": {
      "integrity": "sha512-imAbBGkb+ebQyxKgzv5Hu2nmROxoDOXHh80evxdoXNOrvAnVx7zimzc1Oo5h9RlfV4vPXaE2iM5pOFbvOCClWA==",
      "dependencies": [
        "@jridgewell/set-array",
        "@jridgewell/sourcemap-codec",
        "@jridgewell/trace-mapping"
      ]
    },
    "@jridgewell/resolve-uri@3.1.2": {
      "integrity": "sha512-bRISgCIjP20/tbWSPWMEi54QVPRZExkuD9lJL+UIxUKtwVJA8wW1Trb1jMs1RFXo1CBTNZ/5hpC9QvmKWdopKw=="
    },
    "@jridgewell/set-array@1.2.1": {
      "integrity": "sha512-R8gLRTZeyp03ymzP/6Lil/28tGeGEzhx1q2k703KGWRAI1VdvPIXdG70VJc2pAMw3NA6JKL5hhFu1sJX0Mnn/A=="
    },
    "@jridgewell/sourcemap-codec@1.5.0": {
      "integrity": "sha512-gv3ZRaISU3fjPAgNsriBRqGWQL6quFx04YMPW/zD8XMLsU32mhCCbfbO6KZFLjvYpCZ8zyDEgqsgf+PwPaM7GQ=="
    },
    "@jridgewell/trace-mapping@0.3.25": {
      "integrity": "sha512-vNk6aEwybGtawWmy/PzwnGDOjCkLWSD2wqvjGGAgOAwCGWySYXfYoxt00IJkTF+8Lb57DwOb3Aa0o9CApepiYQ==",
      "dependencies": [
        "@jridgewell/resolve-uri",
        "@jridgewell/sourcemap-codec"
      ]
    },
    "@napi-rs/wasm-runtime@0.2.9": {
      "integrity": "sha512-OKRBiajrrxB9ATokgEQoG87Z25c67pCpYcCwmXYX8PBftC9pBfN18gnm/fh1wurSLEKIAt+QRFLFCQISrb66Jg==",
      "dependencies": [
        "@emnapi/core",
        "@emnapi/runtime",
        "@tybys/wasm-util"
      ]
    },
    "@polka/url@1.0.0-next.29": {
      "integrity": "sha512-wwQAWhWSuHaag8c4q/KN/vCoeOJYshAIvMQwD4GpSb3OiZklFfvAgmj0VCBBImRpuF/aFgIRzllXlVX93Jevww=="
    },
    "@rollup/rollup-android-arm-eabi@4.40.1": {
      "integrity": "sha512-kxz0YeeCrRUHz3zyqvd7n+TVRlNyTifBsmnmNPtk3hQURUyG9eAB+usz6DAwagMusjx/zb3AjvDUvhFGDAexGw=="
    },
    "@rollup/rollup-android-arm64@4.40.1": {
      "integrity": "sha512-PPkxTOisoNC6TpnDKatjKkjRMsdaWIhyuMkA4UsBXT9WEZY4uHezBTjs6Vl4PbqQQeu6oION1w2voYZv9yquCw=="
    },
    "@rollup/rollup-darwin-arm64@4.40.1": {
      "integrity": "sha512-VWXGISWFY18v/0JyNUy4A46KCFCb9NVsH+1100XP31lud+TzlezBbz24CYzbnA4x6w4hx+NYCXDfnvDVO6lcAA=="
    },
    "@rollup/rollup-darwin-x64@4.40.1": {
      "integrity": "sha512-nIwkXafAI1/QCS7pxSpv/ZtFW6TXcNUEHAIA9EIyw5OzxJZQ1YDrX+CL6JAIQgZ33CInl1R6mHet9Y/UZTg2Bw=="
    },
    "@rollup/rollup-freebsd-arm64@4.40.1": {
      "integrity": "sha512-BdrLJ2mHTrIYdaS2I99mriyJfGGenSaP+UwGi1kB9BLOCu9SR8ZpbkmmalKIALnRw24kM7qCN0IOm6L0S44iWw=="
    },
    "@rollup/rollup-freebsd-x64@4.40.1": {
      "integrity": "sha512-VXeo/puqvCG8JBPNZXZf5Dqq7BzElNJzHRRw3vjBE27WujdzuOPecDPc/+1DcdcTptNBep3861jNq0mYkT8Z6Q=="
    },
    "@rollup/rollup-linux-arm-gnueabihf@4.40.1": {
      "integrity": "sha512-ehSKrewwsESPt1TgSE/na9nIhWCosfGSFqv7vwEtjyAqZcvbGIg4JAcV7ZEh2tfj/IlfBeZjgOXm35iOOjadcg=="
    },
    "@rollup/rollup-linux-arm-musleabihf@4.40.1": {
      "integrity": "sha512-m39iO/aaurh5FVIu/F4/Zsl8xppd76S4qoID8E+dSRQvTyZTOI2gVk3T4oqzfq1PtcvOfAVlwLMK3KRQMaR8lg=="
    },
    "@rollup/rollup-linux-arm64-gnu@4.40.1": {
      "integrity": "sha512-Y+GHnGaku4aVLSgrT0uWe2o2Rq8te9hi+MwqGF9r9ORgXhmHK5Q71N757u0F8yU1OIwUIFy6YiJtKjtyktk5hg=="
    },
    "@rollup/rollup-linux-arm64-musl@4.40.1": {
      "integrity": "sha512-jEwjn3jCA+tQGswK3aEWcD09/7M5wGwc6+flhva7dsQNRZZTe30vkalgIzV4tjkopsTS9Jd7Y1Bsj6a4lzz8gQ=="
    },
    "@rollup/rollup-linux-loongarch64-gnu@4.40.1": {
      "integrity": "sha512-ySyWikVhNzv+BV/IDCsrraOAZ3UaC8SZB67FZlqVwXwnFhPihOso9rPOxzZbjp81suB1O2Topw+6Ug3JNegejQ=="
    },
    "@rollup/rollup-linux-powerpc64le-gnu@4.40.1": {
      "integrity": "sha512-BvvA64QxZlh7WZWqDPPdt0GH4bznuL6uOO1pmgPnnv86rpUpc8ZxgZwcEgXvo02GRIZX1hQ0j0pAnhwkhwPqWg=="
    },
    "@rollup/rollup-linux-riscv64-gnu@4.40.1": {
      "integrity": "sha512-EQSP+8+1VuSulm9RKSMKitTav89fKbHymTf25n5+Yr6gAPZxYWpj3DzAsQqoaHAk9YX2lwEyAf9S4W8F4l3VBQ=="
    },
    "@rollup/rollup-linux-riscv64-musl@4.40.1": {
      "integrity": "sha512-n/vQ4xRZXKuIpqukkMXZt9RWdl+2zgGNx7Uda8NtmLJ06NL8jiHxUawbwC+hdSq1rrw/9CghCpEONor+l1e2gA=="
    },
    "@rollup/rollup-linux-s390x-gnu@4.40.1": {
      "integrity": "sha512-h8d28xzYb98fMQKUz0w2fMc1XuGzLLjdyxVIbhbil4ELfk5/orZlSTpF/xdI9C8K0I8lCkq+1En2RJsawZekkg=="
    },
    "@rollup/rollup-linux-x64-gnu@4.40.1": {
      "integrity": "sha512-XiK5z70PEFEFqcNj3/zRSz/qX4bp4QIraTy9QjwJAb/Z8GM7kVUsD0Uk8maIPeTyPCP03ChdI+VVmJriKYbRHQ=="
    },
    "@rollup/rollup-linux-x64-musl@4.40.1": {
      "integrity": "sha512-2BRORitq5rQ4Da9blVovzNCMaUlyKrzMSvkVR0D4qPuOy/+pMCrh1d7o01RATwVy+6Fa1WBw+da7QPeLWU/1mQ=="
    },
    "@rollup/rollup-win32-arm64-msvc@4.40.1": {
      "integrity": "sha512-b2bcNm9Kbde03H+q+Jjw9tSfhYkzrDUf2d5MAd1bOJuVplXvFhWz7tRtWvD8/ORZi7qSCy0idW6tf2HgxSXQSg=="
    },
    "@rollup/rollup-win32-ia32-msvc@4.40.1": {
      "integrity": "sha512-DfcogW8N7Zg7llVEfpqWMZcaErKfsj9VvmfSyRjCyo4BI3wPEfrzTtJkZG6gKP/Z92wFm6rz2aDO7/JfiR/whA=="
    },
    "@rollup/rollup-win32-x64-msvc@4.40.1": {
      "integrity": "sha512-ECyOuDeH3C1I8jH2MK1RtBJW+YPMvSfT0a5NN0nHfQYnDSJ6tUiZH3gzwVP5/Kfh/+Tt7tpWVF9LXNTnhTJ3kA=="
    },
    "@sveltejs/acorn-typescript@1.0.5_acorn@8.14.1": {
      "integrity": "sha512-IwQk4yfwLdibDlrXVE04jTZYlLnwsTT2PIOQQGNLWfjavGifnk1JD1LcZjZaBTRcxZu2FfPfNLOE04DSu9lqtQ==",
      "dependencies": [
        "acorn"
      ]
    },
    "@sveltejs/adapter-static@3.0.8_@sveltejs+kit@2.20.7__@sveltejs+vite-plugin-svelte@5.0.3___svelte@5.28.2____acorn@8.14.1___vite@6.3.3____picomatch@4.0.2__svelte@5.28.2___acorn@8.14.1__vite@6.3.3___picomatch@4.0.2_@sveltejs+vite-plugin-svelte@5.0.3__svelte@5.28.2___acorn@8.14.1__vite@6.3.3___picomatch@4.0.2_svelte@5.28.2__acorn@8.14.1_vite@6.3.3__picomatch@4.0.2": {
      "integrity": "sha512-YaDrquRpZwfcXbnlDsSrBQNCChVOT9MGuSg+dMAyfsAa1SmiAhrA5jUYUiIMC59G92kIbY/AaQOWcBdq+lh+zg==",
      "dependencies": [
        "@sveltejs/kit"
      ]
    },
    "@sveltejs/kit@2.20.7_@sveltejs+vite-plugin-svelte@5.0.3__svelte@5.28.2___acorn@8.14.1__vite@6.3.3___picomatch@4.0.2_svelte@5.28.2__acorn@8.14.1_vite@6.3.3__picomatch@4.0.2": {
      "integrity": "sha512-dVbLMubpJJSLI4OYB+yWYNHGAhgc2bVevWuBjDj8jFUXIJOAnLwYP3vsmtcgoxNGUXoq0rHS5f7MFCsryb6nzg==",
      "dependencies": [
        "@sveltejs/vite-plugin-svelte",
        "@types/cookie",
        "cookie",
        "devalue",
        "esm-env",
        "import-meta-resolve",
        "kleur",
        "magic-string",
        "mrmime",
        "sade",
        "set-cookie-parser",
        "sirv",
        "svelte",
        "vite"
      ]
    },
    "@sveltejs/vite-plugin-svelte-inspector@4.0.1_@sveltejs+vite-plugin-svelte@5.0.3__svelte@5.28.2___acorn@8.14.1__vite@6.3.3___picomatch@4.0.2_svelte@5.28.2__acorn@8.14.1_vite@6.3.3__picomatch@4.0.2": {
      "integrity": "sha512-J/Nmb2Q2y7mck2hyCX4ckVHcR5tu2J+MtBEQqpDrrgELZ2uvraQcK/ioCV61AqkdXFgriksOKIceDcQmqnGhVw==",
      "dependencies": [
        "@sveltejs/vite-plugin-svelte",
        "debug",
        "svelte",
        "vite"
      ]
    },
    "@sveltejs/vite-plugin-svelte@5.0.3_svelte@5.28.2__acorn@8.14.1_vite@6.3.3__picomatch@4.0.2": {
      "integrity": "sha512-MCFS6CrQDu1yGwspm4qtli0e63vaPCehf6V7pIMP15AsWgMKrqDGCPFF/0kn4SP0ii4aySu4Pa62+fIRGFMjgw==",
      "dependencies": [
        "@sveltejs/vite-plugin-svelte-inspector",
        "debug",
        "deepmerge",
        "kleur",
        "magic-string",
        "svelte",
        "vite",
        "vitefu"
      ]
    },
    "@swc/helpers@0.5.17": {
      "integrity": "sha512-5IKx/Y13RsYd+sauPb2x+U/xZikHjolzfuDgTAl/Tdf3Q8rslRvC19NKDLgAJQ6wsqADk10ntlv08nPFw/gO/A==",
      "dependencies": [
        "tslib"
      ]
    },
    "@tailwindcss/node@4.1.4": {
      "integrity": "sha512-MT5118zaiO6x6hNA04OWInuAiP1YISXql8Z+/Y8iisV5nuhM8VXlyhRuqc2PEviPszcXI66W44bCIk500Oolhw==",
      "dependencies": [
        "enhanced-resolve",
        "jiti",
        "lightningcss",
        "tailwindcss"
      ]
    },
    "@tailwindcss/oxide-android-arm64@4.1.4": {
      "integrity": "sha512-xMMAe/SaCN/vHfQYui3fqaBDEXMu22BVwQ33veLc8ep+DNy7CWN52L+TTG9y1K397w9nkzv+Mw+mZWISiqhmlA=="
    },
    "@tailwindcss/oxide-darwin-arm64@4.1.4": {
      "integrity": "sha512-JGRj0SYFuDuAGilWFBlshcexev2hOKfNkoX+0QTksKYq2zgF9VY/vVMq9m8IObYnLna0Xlg+ytCi2FN2rOL0Sg=="
    },
    "@tailwindcss/oxide-darwin-x64@4.1.4": {
      "integrity": "sha512-sdDeLNvs3cYeWsEJ4H1DvjOzaGios4QbBTNLVLVs0XQ0V95bffT3+scptzYGPMjm7xv4+qMhCDrkHwhnUySEzA=="
    },
    "@tailwindcss/oxide-freebsd-x64@4.1.4": {
      "integrity": "sha512-VHxAqxqdghM83HslPhRsNhHo91McsxRJaEnShJOMu8mHmEj9Ig7ToHJtDukkuLWLzLboh2XSjq/0zO6wgvykNA=="
    },
    "@tailwindcss/oxide-linux-arm-gnueabihf@4.1.4": {
      "integrity": "sha512-OTU/m/eV4gQKxy9r5acuesqaymyeSCnsx1cFto/I1WhPmi5HDxX1nkzb8KYBiwkHIGg7CTfo/AcGzoXAJBxLfg=="
    },
    "@tailwindcss/oxide-linux-arm64-gnu@4.1.4": {
      "integrity": "sha512-hKlLNvbmUC6z5g/J4H+Zx7f7w15whSVImokLPmP6ff1QqTVE+TxUM9PGuNsjHvkvlHUtGTdDnOvGNSEUiXI1Ww=="
    },
    "@tailwindcss/oxide-linux-arm64-musl@4.1.4": {
      "integrity": "sha512-X3As2xhtgPTY/m5edUtddmZ8rCruvBvtxYLMw9OsZdH01L2gS2icsHRwxdU0dMItNfVmrBezueXZCHxVeeb7Aw=="
    },
    "@tailwindcss/oxide-linux-x64-gnu@4.1.4": {
      "integrity": "sha512-2VG4DqhGaDSmYIu6C4ua2vSLXnJsb/C9liej7TuSO04NK+JJJgJucDUgmX6sn7Gw3Cs5ZJ9ZLrnI0QRDOjLfNQ=="
    },
    "@tailwindcss/oxide-linux-x64-musl@4.1.4": {
      "integrity": "sha512-v+mxVgH2kmur/X5Mdrz9m7TsoVjbdYQT0b4Z+dr+I4RvreCNXyCFELZL/DO0M1RsidZTrm6O1eMnV6zlgEzTMQ=="
    },
    "@tailwindcss/oxide-wasm32-wasi@4.1.4": {
      "integrity": "sha512-2TLe9ir+9esCf6Wm+lLWTMbgklIjiF0pbmDnwmhR9MksVOq+e8aP3TSsXySnBDDvTTVd/vKu1aNttEGj3P6l8Q==",
      "dependencies": [
        "@emnapi/core",
        "@emnapi/runtime",
        "@emnapi/wasi-threads",
        "@napi-rs/wasm-runtime",
        "@tybys/wasm-util",
        "tslib"
      ]
    },
    "@tailwindcss/oxide-win32-arm64-msvc@4.1.4": {
      "integrity": "sha512-VlnhfilPlO0ltxW9/BgfLI5547PYzqBMPIzRrk4W7uupgCt8z6Trw/tAj6QUtF2om+1MH281Pg+HHUJoLesmng=="
    },
    "@tailwindcss/oxide-win32-x64-msvc@4.1.4": {
      "integrity": "sha512-+7S63t5zhYjslUGb8NcgLpFXD+Kq1F/zt5Xv5qTv7HaFTG/DHyHD9GA6ieNAxhgyA4IcKa/zy7Xx4Oad2/wuhw=="
    },
    "@tailwindcss/oxide@4.1.4": {
      "integrity": "sha512-p5wOpXyOJx7mKh5MXh5oKk+kqcz8T+bA3z/5VWWeQwFrmuBItGwz8Y2CHk/sJ+dNb9B0nYFfn0rj/cKHZyjahQ==",
      "dependencies": [
        "@tailwindcss/oxide-android-arm64",
        "@tailwindcss/oxide-darwin-arm64",
        "@tailwindcss/oxide-darwin-x64",
        "@tailwindcss/oxide-freebsd-x64",
        "@tailwindcss/oxide-linux-arm-gnueabihf",
        "@tailwindcss/oxide-linux-arm64-gnu",
        "@tailwindcss/oxide-linux-arm64-musl",
        "@tailwindcss/oxide-linux-x64-gnu",
        "@tailwindcss/oxide-linux-x64-musl",
        "@tailwindcss/oxide-wasm32-wasi",
        "@tailwindcss/oxide-win32-arm64-msvc",
        "@tailwindcss/oxide-win32-x64-msvc"
      ]
    },
    "@tailwindcss/vite@4.1.4_vite@6.3.3__picomatch@4.0.2": {
      "integrity": "sha512-4UQeMrONbvrsXKXXp/uxmdEN5JIJ9RkH7YVzs6AMxC/KC1+Np7WZBaNIco7TEjlkthqxZbt8pU/ipD+hKjm80A==",
      "dependencies": [
        "@tailwindcss/node",
        "@tailwindcss/oxide",
        "tailwindcss",
        "vite"
      ]
    },
    "@tauri-apps/api@2.2.0": {
      "integrity": "sha512-R8epOeZl1eJEl603aUMIGb4RXlhPjpgxbGVEaqY+0G5JG9vzV/clNlzTeqc+NLYXVqXcn8mb4c5b9pJIUDEyAg=="
    },
    "@tauri-apps/api@2.3.0": {
      "integrity": "sha512-33Z+0lX2wgZbx1SPFfqvzI6su63hCBkbzv+5NexeYjIx7WA9htdOKoRR7Dh3dJyltqS5/J8vQFyybiRoaL0hlA=="
    },
    "@tauri-apps/api@2.4.0": {
      "integrity": "sha512-F1zXTsmwcCp+ocg6fbzD/YL0OHeSG1eynCag1UNlX2tD5+dlXy7eRbTu9cAcscPjcR7Nix7by2wiv/+VfWUieg=="
    },
    "@tauri-apps/api@2.4.1": {
      "integrity": "sha512-5sYwZCSJb6PBGbBL4kt7CnE5HHbBqwH+ovmOW6ZVju3nX4E3JX6tt2kRklFEH7xMOIwR0btRkZktuLhKvyEQYg=="
    },
    "@tauri-apps/api@2.5.0": {
      "integrity": "sha512-Ldux4ip+HGAcPUmuLT8EIkk6yafl5vK0P0c0byzAKzxJh7vxelVtdPONjfgTm96PbN24yjZNESY8CKo8qniluA=="
    },
    "@tauri-apps/cli-darwin-arm64@2.5.0": {
      "integrity": "sha512-VuVAeTFq86dfpoBDNYAdtQVLbP0+2EKCHIIhkaxjeoPARR0sLpFHz2zs0PcFU76e+KAaxtEtAJAXGNUc8E1PzQ=="
    },
    "@tauri-apps/cli-darwin-x64@2.5.0": {
      "integrity": "sha512-hUF01sC06cZVa8+I0/VtsHOk9BbO75rd+YdtHJ48xTdcYaQ5QIwL4yZz9OR1AKBTaUYhBam8UX9Pvd5V2/4Dpw=="
    },
    "@tauri-apps/cli-linux-arm-gnueabihf@2.5.0": {
      "integrity": "sha512-LQKqttsK252LlqYyX8R02MinUsfFcy3+NZiJwHFgi5Y3+ZUIAED9cSxJkyNtuY5KMnR4RlpgWyLv4P6akN1xhg=="
    },
    "@tauri-apps/cli-linux-arm64-gnu@2.5.0": {
      "integrity": "sha512-mTQufsPcpdHg5RW0zypazMo4L55EfeE5snTzrPqbLX4yCK2qalN7+rnP8O8GT06xhp6ElSP/Ku1M2MR297SByQ=="
    },
    "@tauri-apps/cli-linux-arm64-musl@2.5.0": {
      "integrity": "sha512-rQO1HhRUQqyEaal5dUVOQruTRda/TD36s9kv1hTxZiFuSq3558lsTjAcUEnMAtBcBkps20sbyTJNMT0AwYIk8Q=="
    },
    "@tauri-apps/cli-linux-riscv64-gnu@2.5.0": {
      "integrity": "sha512-7oS18FN46yDxyw1zX/AxhLAd7T3GrLj3Ai6s8hZKd9qFVzrAn36ESL7d3G05s8wEtsJf26qjXnVF4qleS3dYsA=="
    },
    "@tauri-apps/cli-linux-x64-gnu@2.5.0": {
      "integrity": "sha512-SG5sFNL7VMmDBdIg3nO3EzNRT306HsiEQ0N90ILe3ZABYAVoPDO/ttpCO37ApLInTzrq/DLN+gOlC/mgZvLw1w=="
    },
    "@tauri-apps/cli-linux-x64-musl@2.5.0": {
      "integrity": "sha512-QXDM8zp/6v05PNWju5ELsVwF0VH1n6b5pk2E6W/jFbbiwz80Vs1lACl9pv5kEHkrxBj+aWU/03JzGuIj2g3SkQ=="
    },
    "@tauri-apps/cli-win32-arm64-msvc@2.5.0": {
      "integrity": "sha512-pFSHFK6b+o9y4Un8w0gGLwVyFTZaC3P0kQ7umRt/BLDkzD5RnQ4vBM7CF8BCU5nkwmEBUCZd7Wt3TWZxe41o6Q=="
    },
    "@tauri-apps/cli-win32-ia32-msvc@2.5.0": {
      "integrity": "sha512-EArv1IaRlogdLAQyGlKmEqZqm5RfHCUMhJoedWu7GtdbOMUfSAz6FMX2boE1PtEmNO4An+g188flLeVErrxEKg=="
    },
    "@tauri-apps/cli-win32-x64-msvc@2.5.0": {
      "integrity": "sha512-lj43EFYbnAta8pd9JnUq87o+xRUR0odz+4rixBtTUwUgdRdwQ2V9CzFtsMu6FQKpFQ6mujRK6P1IEwhL6ADRsQ=="
    },
    "@tauri-apps/cli@2.5.0": {
      "integrity": "sha512-rAtHqG0Gh/IWLjN2zTf3nZqYqbo81oMbqop56rGTjrlWk9pTTAjkqOjSL9XQLIMZ3RbeVjveCqqCA0s8RnLdMg==",
      "dependencies": [
        "@tauri-apps/cli-darwin-arm64",
        "@tauri-apps/cli-darwin-x64",
        "@tauri-apps/cli-linux-arm-gnueabihf",
        "@tauri-apps/cli-linux-arm64-gnu",
        "@tauri-apps/cli-linux-arm64-musl",
        "@tauri-apps/cli-linux-riscv64-gnu",
        "@tauri-apps/cli-linux-x64-gnu",
        "@tauri-apps/cli-linux-x64-musl",
        "@tauri-apps/cli-win32-arm64-msvc",
        "@tauri-apps/cli-win32-ia32-msvc",
        "@tauri-apps/cli-win32-x64-msvc"
      ]
    },
    "@tauri-apps/plugin-clipboard-manager@2.2.2": {
      "integrity": "sha512-bZvDLMqfcNmsw7Ag8I49jlaCjdpDvvlJHnpp6P+Gg/3xtpSERdwlDxm7cKGbs2mj46dsw4AuG3RoAgcpwgioUA==",
      "dependencies": [
        "@tauri-apps/api@2.4.0"
      ]
    },
    "@tauri-apps/plugin-dialog@2.2.1": {
      "integrity": "sha512-wZmCouo4PgTosh/UoejPw9DPs6RllS5Pp3fuOV2JobCu36mR5AXU2MzU9NZiVaFi/5Zfc8RN0IhcZHnksJ1o8A==",
      "dependencies": [
        "@tauri-apps/api@2.4.0"
      ]
    },
    "@tauri-apps/plugin-fs@2.2.1": {
      "integrity": "sha512-KdGzvvA4Eg0Dhw55MwczFbjxLxsTx0FvwwC/0StXlr6IxwPUxh5ziZQoaugkBFs8t+wfebdQrjBEzd8NmmDXNw==",
      "dependencies": [
        "@tauri-apps/api@2.4.0"
      ]
    },
    "@tauri-apps/plugin-global-shortcut@2.2.0": {
      "integrity": "sha512-clI9Bg/BcxWXNDK+ij601o1qC2WxMEy8ovhGgEW5Ai17oPy0KK8uwzmc59KiVnOYKpBWHCUPqBxG+KBNUFXgzw==",
      "dependencies": [
        "@tauri-apps/api@2.2.0"
      ]
    },
    "@tauri-apps/plugin-http@2.4.3": {
      "integrity": "sha512-Us8X+FikzpaZRNr4kH4HLwyXascHbM42p6LxAqRTQnHPrrqp1usaH4vxWAZalPvTbHJ3gBEMJPHusFJgtjGJjA==",
      "dependencies": [
        "@tauri-apps/api@2.4.0"
      ]
    },
    "@tauri-apps/plugin-log@2.4.0": {
      "integrity": "sha512-j7yrDtLNmayCBOO2esl3aZv9jSXy2an8MDLry3Ys9ZXerwUg35n1Y2uD8HoCR+8Ng/EUgx215+qOUfJasjYrHw==",
      "dependencies": [
        "@tauri-apps/api@2.5.0"
      ]
    },
    "@tauri-apps/plugin-notification@2.2.2": {
      "integrity": "sha512-d71rJdtkFUTcG4dqydnv6d7ZwlNZVcdjrVOPwc9GsF6y9DgVN1WCZ9T/vbfD2qrJslf7ai+rnNJc62TLLC2IdA==",
      "dependencies": [
        "@tauri-apps/api@2.4.0"
      ]
    },
    "@tauri-apps/plugin-opener@2.2.6": {
      "integrity": "sha512-bSdkuP71ZQRepPOn8BOEdBKYJQvl6+jb160QtJX/i2H9BF6ZySY/kYljh76N2Ne5fJMQRge7rlKoStYQY5Jq1w==",
      "dependencies": [
        "@tauri-apps/api@2.3.0"
      ]
    },
    "@tauri-apps/plugin-process@2.2.1": {
      "integrity": "sha512-cF/k8J+YjjuowhNG1AboHNTlrGiOwgX5j6NzsX6WFf9FMzyZUchkCgZMxCdSE5NIgFX0vvOgLQhODFJgbMenLg==",
      "dependencies": [
        "@tauri-apps/api@2.4.1"
      ]
    },
    "@tauri-apps/plugin-store@2.2.0": {
      "integrity": "sha512-hJTRtuJis4w5fW1dkcgftsYxKXK0+DbAqurZ3CURHG5WkAyyZgbxpeYctw12bbzF9ZbZREXZklPq8mocCC3Sgg==",
      "dependencies": [
        "@tauri-apps/api@2.3.0"
      ]
    },
    "@tauri-apps/plugin-updater@2.7.1": {
      "integrity": "sha512-1OPqEY/z7NDVSeTEMIhD2ss/vXWdpfZ5Th2Mk0KtPR/RA6FKuOTDGZQhxoyYBk0pcZJ+nNZUbl/IujDCLBApjA==",
      "dependencies": [
        "@tauri-apps/api@2.5.0"
      ]
    },
    "@tauri-apps/plugin-upload@2.2.1": {
      "integrity": "sha512-2EyVhJYLAp2mJH0UzO3QGU0vPk/YWvAfdI2wXbczyzEZY/AZVa9wConyB1TV/NGhyJRim4LwWgkmnEvcKLkECw==",
      "dependencies": [
        "@tauri-apps/api@2.4.0"
      ]
    },
    "@tybys/wasm-util@0.9.0": {
      "integrity": "sha512-6+7nlbMVX/PVDCwaIQ8nTOPveOcFLSt8GcXdx8hD0bt39uWxYT88uXzqTd4fTvqta7oeUJqudepapKNt2DYJFw==",
      "dependencies": [
        "tslib"
      ]
    },
    "@types/cookie@0.6.0": {
      "integrity": "sha512-4Kh9a6B2bQciAhf7FSuMRRkUWecJgJu9nPnx3yzpsfXX/c50REIqpHY4C82bXP90qrLtXtkDxTZosYO3UpOwlA=="
    },
    "@types/estree@1.0.7": {
      "integrity": "sha512-w28IoSUCJpidD/TGviZwwMJckNESJZXFu7NBZ5YJ4mEUnNraUn9Pm8HSZm/jDF1pDWYKspWE7oVphigUPRakIQ=="
    },
    "acorn@8.14.1": {
      "integrity": "sha512-OvQ/2pUDKmgfCg++xsTX1wGxfTaszcHVcTctW4UJB4hibJx2HXxxO5UmVgyjMa+ZDsiaf5wWLXYpRWMmBI0QHg=="
    },
    "aria-query@5.3.2": {
      "integrity": "sha512-COROpnaoap1E2F000S62r6A60uHZnmlvomhfyT2DlTcrY1OrBKn2UhH7qn5wTC9zMvD0AY7csdPSNwKP+7WiQw=="
    },
    "automation-events@7.1.9": {
      "integrity": "sha512-nIcJo3WeNtB16TSIK2D5Ldy/5eErzmXSuOlK979sYtIQQT++iFfj/1PMjFH1XEvtqCO0+KNUEEIJ+O0l4BtncQ==",
      "dependencies": [
        "@babel/runtime",
        "tslib"
      ]
    },
    "axobject-query@4.1.0": {
      "integrity": "sha512-qIj0G9wZbMGNLjLmg1PT6v2mE9AH2zlnADJD/2tC6E00hgmhUOfEB6greHPAfLRSufHqROIUTkw6E+M3lH0PTQ=="
    },
    "bits-ui@1.4.1_svelte@5.28.2__acorn@8.14.1": {
      "integrity": "sha512-NUlLRHwy0PacY4ejcgLecj3C8oX9PxOBh4WTcKwYCDt/q3Zz5Lcf3Wic9GssNILQU2WdUb8kL19L9MMlFTqxfQ==",
      "dependencies": [
        "@floating-ui/core",
        "@floating-ui/dom",
        "@internationalized/date",
        "esm-env",
        "runed",
        "svelte",
        "svelte-toolbelt",
        "tabbable"
      ]
    },
    "broker-factory@3.1.5": {
      "integrity": "sha512-/s86CAyDE4d85Q2zvlMScbUBlIWeZ1LeCtQ9JpQlNesaJdXRZ5+dnzzEzpUQDTltCXs0SfjZ5GNRcxJPtyA6dg==",
      "dependencies": [
        "@babel/runtime",
        "fast-unique-numbers",
        "tslib",
        "worker-factory"
      ]
    },
    "chokidar@4.0.3": {
      "integrity": "sha512-Qgzu8kfBvo+cA4962jnP1KkS6Dop5NS6g7R5LFYJr4b8Ub94PPQXUksCw9PvXoeXPRRddRNC5C1JQUR2SMGtnA==",
      "dependencies": [
        "readdirp"
      ]
    },
    "clsx@2.1.1": {
      "integrity": "sha512-eYm0QWBtUrBWZWG0d386OGAw16Z995PiOVo2B7bjWSbHedGl5e0ZWaq65kOGgUSNesEIDkB9ISbTg/JK9dhCZA=="
    },
    "cookie@0.6.0": {
      "integrity": "sha512-U71cyTamuh1CRNCfpGY6to28lxvNwPG4Guz/EVjgf3Jmzv0vlDp1atT9eS5dDjMYHucpHbWns6Lwf3BKz6svdw=="
    },
    "daisyui@5.0.29": {
      "integrity": "sha512-/iO8+wHDgsLrxO8qP7kJPTdOqxB/WA0z1BBC4hWpmRLtcL91FfXg6qkXvZAS2ZKVpvK6Z3HXLkkQs9AglBPuIA=="
    },
    "debug@4.4.0": {
      "integrity": "sha512-6WTZ/IxCY/T6BALoZHaE4ctp9xm+Z5kY/pzYaCHRFeyVhojxlrm+46y68HA6hr0TcwEssoxNiDEUJQjfPZ/RYA==",
      "dependencies": [
        "ms"
      ]
    },
    "deepmerge@4.3.1": {
      "integrity": "sha512-3sUqbMEc77XqpdNO7FRyRog+eW3ph+GYCbj+rK+uYyRMuwsVy0rMiVtPn+QJlKFvWP/1PYpapqYn0Me2knFn+A=="
    },
    "detect-libc@2.0.4": {
      "integrity": "sha512-3UDv+G9CsCKO1WKMGw9fwq/SWJYbI0c5Y7LU1AXYoDdbhE2AHQ6N6Nb34sG8Fj7T5APy8qXDCKuuIHd1BR0tVA=="
    },
    "devalue@5.1.1": {
      "integrity": "sha512-maua5KUiapvEwiEAe+XnlZ3Rh0GD+qI1J/nb9vrJc3muPXvcF/8gXYTWF76+5DAqHyDUtOIImEuo0YKE9mshVw=="
    },
    "enhanced-resolve@5.18.1": {
      "integrity": "sha512-ZSW3ma5GkcQBIpwZTSRAI8N71Uuwgs93IezB7mf7R60tC8ZbJideoDNKjHn2O9KIlx6rkGTTEk1xUCK2E1Y2Yg==",
      "dependencies": [
        "graceful-fs",
        "tapable"
      ]
    },
    "esbuild@0.25.3": {
      "integrity": "sha512-qKA6Pvai73+M2FtftpNKRxJ78GIjmFXFxd/1DVBqGo/qNhLSfv+G12n9pNoWdytJC8U00TrViOwpjT0zgqQS8Q==",
      "dependencies": [
        "@esbuild/aix-ppc64",
        "@esbuild/android-arm",
        "@esbuild/android-arm64",
        "@esbuild/android-x64",
        "@esbuild/darwin-arm64",
        "@esbuild/darwin-x64",
        "@esbuild/freebsd-arm64",
        "@esbuild/freebsd-x64",
        "@esbuild/linux-arm",
        "@esbuild/linux-arm64",
        "@esbuild/linux-ia32",
        "@esbuild/linux-loong64",
        "@esbuild/linux-mips64el",
        "@esbuild/linux-ppc64",
        "@esbuild/linux-riscv64",
        "@esbuild/linux-s390x",
        "@esbuild/linux-x64",
        "@esbuild/netbsd-arm64",
        "@esbuild/netbsd-x64",
        "@esbuild/openbsd-arm64",
        "@esbuild/openbsd-x64",
        "@esbuild/sunos-x64",
        "@esbuild/win32-arm64",
        "@esbuild/win32-ia32",
        "@esbuild/win32-x64"
      ]
    },
    "esm-env@1.2.2": {
      "integrity": "sha512-Epxrv+Nr/CaL4ZcFGPJIYLWFom+YeV1DqMLHJoEd9SYRxNbaFruBwfEX/kkHUJf55j2+TUbmDcmuilbP1TmXHA=="
    },
    "esrap@1.4.6": {
      "integrity": "sha512-F/D2mADJ9SHY3IwksD4DAXjTt7qt7GWUf3/8RhCNWmC/67tyb55dpimHmy7EplakFaflV0R/PC+fdSPqrRHAQw==",
      "dependencies": [
        "@jridgewell/sourcemap-codec"
      ]
    },
    "extendable-media-recorder-wav-encoder-broker@7.0.117": {
      "integrity": "sha512-MAkd+eZ/M5szsb4hFSgD81ZfS88LxbBOzzxK9Lnz1DwLlvsf3kyxJDOegp97Dl3dozkUBKG5DjLH3F3CUJZbbQ==",
      "dependencies": [
        "@babel/runtime",
        "broker-factory",
        "extendable-media-recorder-wav-encoder-worker",
        "tslib"
      ]
    },
    "extendable-media-recorder-wav-encoder-worker@8.0.114": {
      "integrity": "sha512-LVAvpxJQFmhQbQPX1D7xyv/VjP9gOXBgbvzoEY7WdUEe+HJfSo6xfJH5nL4JuJ347Zgvwv/d2zxKEq1Ibd/MMw==",
      "dependencies": [
        "@babel/runtime",
        "tslib",
        "worker-factory"
      ]
    },
    "extendable-media-recorder-wav-encoder@7.0.127": {
      "integrity": "sha512-cEhbFk/9S72eGxF+lZXlISNwSANW2pLmnEIAp5felEzRnQ3VjOyQBPtjD8rKZRHuCOaIMn9FUnT1cMEwAWEiuw==",
      "dependencies": [
        "@babel/runtime",
        "extendable-media-recorder-wav-encoder-broker",
        "extendable-media-recorder-wav-encoder-worker",
        "tslib"
      ]
    },
    "extendable-media-recorder@9.2.23": {
      "integrity": "sha512-hLuNe2QxoAsvflEq756pakJsrnxH5TUtprLr9uK6k1Jhn2/SdTrrxG2CzKHYolVl35Z2Tu4JKp0L2QJ7cxodkQ==",
      "dependencies": [
        "@babel/runtime",
        "media-encoder-host",
        "multi-buffer-data-view",
        "recorder-audio-worklet",
        "standardized-audio-context",
        "subscribable-things",
        "tslib"
      ]
    },
    "fast-unique-numbers@9.0.20": {
      "integrity": "sha512-2ym6CEsBN3CDEYBn2QgIfj6zCtOghEHcNU7wjq69W/y3TGr0m5XDZbVJ72CluwqnGwQBI8RZxDuTAjg1Ttphvw==",
      "dependencies": [
        "@babel/runtime",
        "tslib"
      ]
    },
    "fdir@6.4.4_picomatch@4.0.2": {
      "integrity": "sha512-1NZP+GK4GfuAv3PqKvxQRDMjdSRZjnkq7KfhlNrCNNlZ0ygQFpebfrnfnq/W7fpUnAv9aGWmY1zKx7FYL3gwhg==",
      "dependencies": [
        "picomatch"
      ]
    },
    "fsevents@2.3.3": {
      "integrity": "sha512-5xoDfX+fL7faATnagmWPpbFtwh/R77WmMMqqHGS65C3vvB0YHrgF+B1YmZ3441tMj5n63k0212XNoJwzlhffQw=="
    },
    "graceful-fs@4.2.11": {
      "integrity": "sha512-RbJ5/jmFcNNCcDV5o9eTnBLJ/HszWV0P73bc+Ff4nS/rJj+YaS6IGyiOL0VoBYX+l1Wrl3k63h/KrH+nhJ0XvQ=="
    },
    "import-meta-resolve@4.1.0": {
      "integrity": "sha512-I6fiaX09Xivtk+THaMfAwnA3MVA5Big1WHF1Dfx9hFuvNIWpXnorlkzhcQf6ehrqQiiZECRt1poOAkPmer3ruw=="
    },
    "inline-style-parser@0.2.4": {
      "integrity": "sha512-0aO8FkhNZlj/ZIbNi7Lxxr12obT7cL1moPfE4tg1LkX7LlLfC6DeX4l2ZEud1ukP9jNQyNnfzQVqwbwmAATY4Q=="
    },
    "is-reference@3.0.3": {
      "integrity": "sha512-ixkJoqQvAP88E6wLydLGGqCJsrFUnqoH6HnaczB8XmDH1oaWU+xxdptvikTgaEhtZ53Ky6YXiBuUI2WXLMCwjw==",
      "dependencies": [
        "@types/estree"
      ]
    },
    "jiti@2.4.2": {
      "integrity": "sha512-rg9zJN+G4n2nfJl5MW3BMygZX56zKPNVEYYqq7adpmMh4Jn2QNEwhvQlFy6jPVdcod7txZtKHWnyZiA3a0zP7A=="
    },
    "kleur@4.1.5": {
      "integrity": "sha512-o+NO+8WrRiQEE4/7nwRJhN1HWpVmJm511pBHUxPLtp0BUISzlBplORYSmTclCnJvQq2tKu/sgl3xVpkc7ZWuQQ=="
    },
    "lightningcss-darwin-arm64@1.29.2": {
      "integrity": "sha512-cK/eMabSViKn/PG8U/a7aCorpeKLMlK0bQeNHmdb7qUnBkNPnL+oV5DjJUo0kqWsJUapZsM4jCfYItbqBDvlcA=="
    },
    "lightningcss-darwin-x64@1.29.2": {
      "integrity": "sha512-j5qYxamyQw4kDXX5hnnCKMf3mLlHvG44f24Qyi2965/Ycz829MYqjrVg2H8BidybHBp9kom4D7DR5VqCKDXS0w=="
    },
    "lightningcss-freebsd-x64@1.29.2": {
      "integrity": "sha512-wDk7M2tM78Ii8ek9YjnY8MjV5f5JN2qNVO+/0BAGZRvXKtQrBC4/cn4ssQIpKIPP44YXw6gFdpUF+Ps+RGsCwg=="
    },
    "lightningcss-linux-arm-gnueabihf@1.29.2": {
      "integrity": "sha512-IRUrOrAF2Z+KExdExe3Rz7NSTuuJ2HvCGlMKoquK5pjvo2JY4Rybr+NrKnq0U0hZnx5AnGsuFHjGnNT14w26sg=="
    },
    "lightningcss-linux-arm64-gnu@1.29.2": {
      "integrity": "sha512-KKCpOlmhdjvUTX/mBuaKemp0oeDIBBLFiU5Fnqxh1/DZ4JPZi4evEH7TKoSBFOSOV3J7iEmmBaw/8dpiUvRKlQ=="
    },
    "lightningcss-linux-arm64-musl@1.29.2": {
      "integrity": "sha512-Q64eM1bPlOOUgxFmoPUefqzY1yV3ctFPE6d/Vt7WzLW4rKTv7MyYNky+FWxRpLkNASTnKQUaiMJ87zNODIrrKQ=="
    },
    "lightningcss-linux-x64-gnu@1.29.2": {
      "integrity": "sha512-0v6idDCPG6epLXtBH/RPkHvYx74CVziHo6TMYga8O2EiQApnUPZsbR9nFNrg2cgBzk1AYqEd95TlrsL7nYABQg=="
    },
    "lightningcss-linux-x64-musl@1.29.2": {
      "integrity": "sha512-rMpz2yawkgGT8RULc5S4WiZopVMOFWjiItBT7aSfDX4NQav6M44rhn5hjtkKzB+wMTRlLLqxkeYEtQ3dd9696w=="
    },
    "lightningcss-win32-arm64-msvc@1.29.2": {
      "integrity": "sha512-nL7zRW6evGQqYVu/bKGK+zShyz8OVzsCotFgc7judbt6wnB2KbiKKJwBE4SGoDBQ1O94RjW4asrCjQL4i8Fhbw=="
    },
    "lightningcss-win32-x64-msvc@1.29.2": {
      "integrity": "sha512-EdIUW3B2vLuHmv7urfzMI/h2fmlnOQBk1xlsDxkN1tCWKjNFjfLhGxYk8C8mzpSfr+A6jFFIi8fU6LbQGsRWjA=="
    },
    "lightningcss@1.29.2": {
      "integrity": "sha512-6b6gd/RUXKaw5keVdSEtqFVdzWnU5jMxTUjA2bVcMNPLwSQ08Sv/UodBVtETLCn7k4S1Ibxwh7k68IwLZPgKaA==",
      "dependencies": [
        "detect-libc",
        "lightningcss-darwin-arm64",
        "lightningcss-darwin-x64",
        "lightningcss-freebsd-x64",
        "lightningcss-linux-arm-gnueabihf",
        "lightningcss-linux-arm64-gnu",
        "lightningcss-linux-arm64-musl",
        "lightningcss-linux-x64-gnu",
        "lightningcss-linux-x64-musl",
        "lightningcss-win32-arm64-msvc",
        "lightningcss-win32-x64-msvc"
      ]
    },
    "locate-character@3.0.0": {
      "integrity": "sha512-SW13ws7BjaeJ6p7Q6CO2nchbYEc3X3J6WrmTTDto7yMPqVSZTUyY5Tjbid+Ab8gLnATtygYtiDIJGQRRn2ZOiA=="
    },
    "magic-string@0.30.17": {
      "integrity": "sha512-sNPKHvyjVf7gyjwS4xGTaW/mCnF8wnjtifKBEhxfZ7E/S8tQ0rssrwGNn6q8JH/ohItJfSQp9mBtQYuTlH5QnA==",
      "dependencies": [
        "@jridgewell/sourcemap-codec"
      ]
    },
    "media-encoder-host-broker@8.0.17": {
      "integrity": "sha512-q/rx2w+Aa7HgB0pa6nTZPRo/APWNEZJRpVjccErAuUH3RS3rCOrcmfz4/SiV8OcN7kA3tEMCih9Ebpilm6wvmQ==",
      "dependencies": [
        "@babel/runtime",
        "broker-factory",
        "fast-unique-numbers",
        "media-encoder-host-worker",
        "tslib"
      ]
    },
    "media-encoder-host-worker@10.0.17": {
      "integrity": "sha512-Q/ATlqwDa2QXPK5UhJVv+GNYRkI33BMuFSLcfVf5T0gghBwGgttIZO2EonuExKKlhlfuqdB9K62nbdjCC0+hnQ==",
      "dependencies": [
        "@babel/runtime",
        "extendable-media-recorder-wav-encoder-broker",
        "tslib",
        "worker-factory"
      ]
    },
    "media-encoder-host@9.0.18": {
      "integrity": "sha512-BeGFUvxM22a91UlW1f3T+70znp5zV+keyGsK9niVWamhCvu/Uf6RkVtzWmOIWq16HfoZd1oc4sRgMCI5wqeQdA==",
      "dependencies": [
        "@babel/runtime",
        "media-encoder-host-broker",
        "media-encoder-host-worker",
        "tslib"
      ]
    },
    "mri@1.2.0": {
      "integrity": "sha512-tzzskb3bG8LvYGFF/mDTpq3jpI6Q9wc3LEmBaghu+DdCssd1FakN7Bc0hVNmEyGq1bq3RgfkCb3cmQLpNPOroA=="
    },
    "mrmime@2.0.1": {
      "integrity": "sha512-Y3wQdFg2Va6etvQ5I82yUhGdsKrcYox6p7FfL1LbK2J4V01F9TGlepTIhnK24t7koZibmg82KGglhA1XK5IsLQ=="
    },
    "ms@2.1.3": {
      "integrity": "sha512-6FlzubTLZG3J2a/NVCAleEhjzq5oxgHyaCU9yYXvcLsvoVaHJq/s5xXI6/XXP6tz7R9xAOtHnSO/tXtF3WRTlA=="
    },
    "multi-buffer-data-view@6.0.20": {
      "integrity": "sha512-I2TzuoyHtcgnfR4O3ukFJdw9XXkisLMM42Dx+m29aB9oeaJAqLkbNOs47xx7evvdPFqzVCYl8fCbyNTBJgwvow==",
      "dependencies": [
        "@babel/runtime",
        "tslib"
      ]
    },
    "nanoid@3.3.11": {
      "integrity": "sha512-N8SpfPUnUp1bK+PMYW8qSWdl9U+wwNWI4QKxOYDy9JAro3WMX7p2OeVRF9v+347pnakNevPmiHhNmZ2HbFA76w=="
    },
    "picocolors@1.1.1": {
      "integrity": "sha512-xceH2snhtb5M9liqDsmEw56le376mTZkEX/jEb/RxNFyegNul7eNslCXP9FDj/Lcu0X8KEyMceP2ntpaHrDEVA=="
    },
    "picomatch@4.0.2": {
      "integrity": "sha512-M7BAV6Rlcy5u+m6oPhAPFgJTzAioX/6B0DxyvDlo9l8+T3nLKbrczg2WLUyzd45L8RqfUMyGPzekbMvX2Ldkwg=="
    },
    "postcss@8.5.3": {
      "integrity": "sha512-dle9A3yYxlBSrt8Fu+IpjGT8SY8hN0mlaA6GY8t0P5PjIOZemULz/E2Bnm/2dcUOena75OTNkHI76uZBNUUq3A==",
      "dependencies": [
        "nanoid",
        "picocolors",
        "source-map-js"
      ]
    },
    "readdirp@4.1.2": {
      "integrity": "sha512-GDhwkLfywWL2s6vEjyhri+eXmfH6j1L7JE27WhqLeYzoh/A3DBaYGEj2H/HFZCn/kMfim73FXxEJTw06WtxQwg=="
    },
    "recorder-audio-worklet-processor@5.0.33": {
      "integrity": "sha512-FPUzvsUsV4tHp/dGyXuzmUlUzM/LSbEWLc26xmuUsVcwQ5D+3NbbXmQOEK/VPIR+DazlacwHeL6U/VVVMCTKiA==",
      "dependencies": [
        "@babel/runtime",
        "tslib"
      ]
    },
    "recorder-audio-worklet@6.0.45": {
      "integrity": "sha512-BhLUfDxW04HQCdnLeHEtDI0NefgmrC4GXzT6No+dwZM1i0Vf0A9RMNTRZlH5qnOGVjRWOpMT7/S4uvUJHRHepw==",
      "dependencies": [
        "@babel/runtime",
        "broker-factory",
        "fast-unique-numbers",
        "recorder-audio-worklet-processor",
        "standardized-audio-context",
        "subscribable-things",
        "tslib",
        "worker-factory"
      ]
    },
    "regenerator-runtime@0.14.1": {
      "integrity": "sha512-dYnhHh0nJoMfnkZs6GmmhFknAGRrLznOu5nc9ML+EJxGvrx6H7teuevqVqCuPcPK//3eDrrjQhehXVx9cnkGdw=="
    },
    "rollup@4.40.1": {
      "integrity": "sha512-C5VvvgCCyfyotVITIAv+4efVytl5F7wt+/I2i9q9GZcEXW9BP52YYOXC58igUi+LFZVHukErIIqQSWwv/M3WRw==",
      "dependencies": [
        "@rollup/rollup-android-arm-eabi",
        "@rollup/rollup-android-arm64",
        "@rollup/rollup-darwin-arm64",
        "@rollup/rollup-darwin-x64",
        "@rollup/rollup-freebsd-arm64",
        "@rollup/rollup-freebsd-x64",
        "@rollup/rollup-linux-arm-gnueabihf",
        "@rollup/rollup-linux-arm-musleabihf",
        "@rollup/rollup-linux-arm64-gnu",
        "@rollup/rollup-linux-arm64-musl",
        "@rollup/rollup-linux-loongarch64-gnu",
        "@rollup/rollup-linux-powerpc64le-gnu",
        "@rollup/rollup-linux-riscv64-gnu",
        "@rollup/rollup-linux-riscv64-musl",
        "@rollup/rollup-linux-s390x-gnu",
        "@rollup/rollup-linux-x64-gnu",
        "@rollup/rollup-linux-x64-musl",
        "@rollup/rollup-win32-arm64-msvc",
        "@rollup/rollup-win32-ia32-msvc",
        "@rollup/rollup-win32-x64-msvc",
        "@types/estree",
        "fsevents"
      ]
    },
    "runed@0.23.4_svelte@5.28.2__acorn@8.14.1": {
      "integrity": "sha512-9q8oUiBYeXIDLWNK5DfCWlkL0EW3oGbk845VdKlPeia28l751VpfesaB/+7pI6rnbx1I6rqoZ2fZxptOJLxILA==",
      "dependencies": [
        "esm-env",
        "svelte"
      ]
    },
    "rxjs-interop@2.0.0": {
      "integrity": "sha512-ASEq9atUw7lualXB+knvgtvwkCEvGWV2gDD/8qnASzBkzEARZck9JAyxmY8OS6Nc1pCPEgDTKNcx+YqqYfzArw=="
    },
    "sade@1.8.1": {
      "integrity": "sha512-xal3CZX1Xlo/k4ApwCFrHVACi9fBqJ7V+mwhBsuf/1IOKbBy098Fex+Wa/5QMubw09pSZ/u8EY8PWgevJsXp1A==",
      "dependencies": [
        "mri"
      ]
    },
    "set-cookie-parser@2.7.1": {
      "integrity": "sha512-IOc8uWeOZgnb3ptbCURJWNjWUPcO3ZnTTdzsurqERrP6nPyv+paC55vJM0LpOlT2ne+Ix+9+CRG1MNLlyZ4GjQ=="
    },
    "sirv@3.0.1": {
      "integrity": "sha512-FoqMu0NCGBLCcAkS1qA+XJIQTR6/JHfQXl+uGteNCQ76T91DMUjPa9xfmeqMY3z80nLSg9yQmNjK0Px6RWsH/A==",
      "dependencies": [
        "@polka/url",
        "mrmime",
        "totalist"
      ]
    },
    "source-map-js@1.2.1": {
      "integrity": "sha512-UXWMKhLOwVKb728IUtQPXxfYU+usdybtUrK/8uGE8CQMvrhOpwvzDBwj0QhSL7MQc7vIsISBG8VQ8+IDQxpfQA=="
    },
    "standardized-audio-context@25.3.77": {
      "integrity": "sha512-Ki9zNz6pKcC5Pi+QPjPyVsD9GwJIJWgryji0XL9cAJXMGyn+dPOf6Qik1AHei0+UNVcc4BOCa0hWLBzlwqsW/A==",
      "dependencies": [
        "@babel/runtime",
        "automation-events",
        "tslib"
      ]
    },
    "style-to-object@1.0.8": {
      "integrity": "sha512-xT47I/Eo0rwJmaXC4oilDGDWLohVhR6o/xAQcPQN8q6QBuZVL8qMYL85kLmST5cPjAorwvqIA4qXTRQoYHaL6g==",
      "dependencies": [
        "inline-style-parser"
      ]
    },
    "subscribable-things@2.1.51": {
      "integrity": "sha512-d1JDHHb8mFlS8Czfpi2oRqYwna0FT1DmZlDzRzfyQPCmmurRGF+k4OetEcYWtyU+hVqbG5Dn5w1C8uUp+QLdHQ==",
      "dependencies": [
        "@babel/runtime",
        "rxjs-interop",
        "tslib"
      ]
    },
    "svelte-check@4.1.6_svelte@5.28.2__acorn@8.14.1_typescript@5.8.3": {
      "integrity": "sha512-P7w/6tdSfk3zEVvfsgrp3h3DFC75jCdZjTQvgGJtjPORs1n7/v2VMPIoty3PWv7jnfEm3x0G/p9wH4pecTb0Wg==",
      "dependencies": [
        "@jridgewell/trace-mapping",
        "chokidar",
        "fdir",
        "picocolors",
        "sade",
        "svelte",
        "typescript"
      ]
    },
    "svelte-persisted-store@0.12.0_svelte@5.28.2__acorn@8.14.1": {
      "integrity": "sha512-BdBQr2SGSJ+rDWH8/aEV5GthBJDapVP0GP3fuUCA7TjYG5ctcB+O9Mj9ZC0+Jo1oJMfZUd1y9H68NFRR5MyIJA==",
      "dependencies": [
        "svelte"
      ]
    },
    "svelte-sonner@0.3.28_svelte@5.28.2__acorn@8.14.1": {
      "integrity": "sha512-K3AmlySeFifF/cKgsYNv5uXqMVNln0NBAacOYgmkQStLa/UoU0LhfAACU6Gr+YYC8bOCHdVmFNoKuDbMEsppJg==",
      "dependencies": [
        "svelte"
      ]
    },
    "svelte-toolbelt@0.7.1_svelte@5.28.2__acorn@8.14.1": {
      "integrity": "sha512-HcBOcR17Vx9bjaOceUvxkY3nGmbBmCBBbuWLLEWO6jtmWH8f/QoWmbyUfQZrpDINH39en1b8mptfPQT9VKQ1xQ==",
      "dependencies": [
        "clsx",
        "runed",
        "style-to-object",
        "svelte"
      ]
    },
    "svelte@5.28.2_acorn@8.14.1": {
      "integrity": "sha512-FbWBxgWOpQfhKvoGJv/TFwzqb4EhJbwCD17dB0tEpQiw1XyUEKZJtgm4nA4xq3LLsMo7hu5UY/BOFmroAxKTMg==",
      "dependencies": [
        "@ampproject/remapping",
        "@jridgewell/sourcemap-codec",
        "@sveltejs/acorn-typescript",
        "@types/estree",
        "acorn",
        "aria-query",
        "axobject-query",
        "clsx",
        "esm-env",
        "esrap",
        "is-reference",
        "locate-character",
        "magic-string",
        "zimmerframe"
      ]
    },
    "tabbable@6.2.0": {
      "integrity": "sha512-Cat63mxsVJlzYvN51JmVXIgNoUokrIaT2zLclCXjRd8boZ0004U4KCs/sToJ75C6sdlByWxpYnb5Boif1VSFew=="
    },
    "tailwind-merge@3.0.2": {
      "integrity": "sha512-l7z+OYZ7mu3DTqrL88RiKrKIqO3NcpEO8V/Od04bNpvk0kiIFndGEoqfuzvj4yuhRkHKjRkII2z+KS2HfPcSxw=="
    },
    "tailwind-merge@3.2.0": {
      "integrity": "sha512-FQT/OVqCD+7edmmJpsgCsY820RTD5AkBryuG5IUqR5YQZSdj5xlH5nLgH7YPths7WsLPSpSBNneJdM8aS8aeFA=="
    },
    "tailwind-variants@1.0.0_tailwindcss@4.1.4": {
      "integrity": "sha512-2WSbv4ulEEyuBKomOunut65D8UZwxrHoRfYnxGcQNnHqlSCp2+B7Yz2W+yrNDrxRodOXtGD/1oCcKGNBnUqMqA==",
      "dependencies": [
        "tailwind-merge@3.0.2",
        "tailwindcss"
      ]
    },
    "tailwindcss@4.1.4": {
      "integrity": "sha512-1ZIUqtPITFbv/DxRmDr5/agPqJwF69d24m9qmM1939TJehgY539CtzeZRjbLt5G6fSy/7YqqYsfvoTEw9xUI2A=="
    },
    "tapable@2.2.1": {
      "integrity": "sha512-GNzQvQTOIP6RyTfE2Qxb8ZVlNmw0n88vp1szwWRimP02mnTsx3Wtn5qRdqY9w2XduFNUgvOwhNnQsjwCp+kqaQ=="
    },
    "tinyglobby@0.2.13_picomatch@4.0.2": {
      "integrity": "sha512-mEwzpUgrLySlveBwEVDMKk5B57bhLPYovRfPAXD5gA/98Opn0rCDj3GtLwFvCvH5RK9uPCExUROW5NjDwvqkxw==",
      "dependencies": [
        "fdir",
        "picomatch"
      ]
    },
    "totalist@3.0.1": {
      "integrity": "sha512-sf4i37nQ2LBx4m3wB74y+ubopq6W/dIzXg0FDGjsYnZHVa1Da8FH853wlL2gtUhg+xJXjfk3kUZS3BRoQeoQBQ=="
    },
    "tslib@2.8.1": {
      "integrity": "sha512-oJFu94HQb+KVduSUQL7wnpmqnfmLsOA/nAh6b6EH0wCEoK0/mPeXU6c3wKDV83MkOuHPRHtSXKKU99IBazS/2w=="
    },
    "typescript@5.8.3": {
      "integrity": "sha512-p1diW6TqL9L07nNxvRMM7hMMw4c5XOo/1ibL4aAIGmSAt9slTE1Xgw5KWuof2uTOvCg9BY7ZRi+GaF+7sfgPeQ=="
    },
    "vite@6.3.3_picomatch@4.0.2": {
      "integrity": "sha512-5nXH+QsELbFKhsEfWLkHrvgRpTdGJzqOZ+utSdmPTvwHmvU6ITTm3xx+mRusihkcI8GeC7lCDyn3kDtiki9scw==",
      "dependencies": [
        "esbuild",
        "fdir",
        "fsevents",
        "picomatch",
        "postcss",
        "rollup",
        "tinyglobby"
      ]
    },
    "vitefu@1.0.6_vite@6.3.3__picomatch@4.0.2": {
      "integrity": "sha512-+Rex1GlappUyNN6UfwbVZne/9cYC4+R2XDk9xkNXBKMw6HQagdX9PgZ8V2v1WUSK1wfBLp7qbI1+XSNIlB1xmA==",
      "dependencies": [
        "vite"
      ]
    },
    "worker-factory@7.0.41": {
      "integrity": "sha512-YZ5T7pzoazUvE+CR5bF+njKQFCLPAeN+yt5xPqUaJhUwpo/xUUSNn8QgvErZNQ79r/TuWEvFMLyl/3i40GDBHQ==",
      "dependencies": [
        "@babel/runtime",
        "fast-unique-numbers",
        "tslib"
      ]
    },
    "zimmerframe@1.1.2": {
      "integrity": "sha512-rAbqEGa8ovJy4pyBxZM70hg4pE6gDgaQ0Sl9M3enG3I0d6H4XSAM3GeNGLKnsBpuijUow064sf7ww1nutC5/3w=="
    }
  },
  "workspace": {
    "packageJson": {
      "dependencies": [
        "npm:@sveltejs/adapter-static@^3.0.6",
        "npm:@sveltejs/kit@^2.20.7",
        "npm:@sveltejs/vite-plugin-svelte@5",
        "npm:@tailwindcss/vite@^4.1.4",
        "npm:@tauri-apps/api@^2.5.0",
        "npm:@tauri-apps/cli@^2.5.0",
        "npm:@tauri-apps/plugin-clipboard-manager@^2.2.2",
        "npm:@tauri-apps/plugin-dialog@~2.2.1",
        "npm:@tauri-apps/plugin-fs@~2.2.1",
        "npm:@tauri-apps/plugin-global-shortcut@2",
        "npm:@tauri-apps/plugin-http@~2.4.3",
        "npm:@tauri-apps/plugin-log@^2.4.0",
        "npm:@tauri-apps/plugin-notification@^2.2.2",
        "npm:@tauri-apps/plugin-opener@^2.2.6",
        "npm:@tauri-apps/plugin-process@^2.2.1",
        "npm:@tauri-apps/plugin-store@2.2",
        "npm:@tauri-apps/plugin-updater@^2.7.1",
        "npm:@tauri-apps/plugin-upload@~2.2.1",
        "npm:bits-ui@^1.4.1",
        "npm:clsx@^2.1.1",
        "npm:daisyui@^5.0.29",
        "npm:extendable-media-recorder-wav-encoder@^7.0.127",
        "npm:extendable-media-recorder@^9.2.23",
        "npm:svelte-check@^4.1.6",
        "npm:svelte-persisted-store@0.12",
        "npm:svelte-sonner@~0.3.28",
        "npm:svelte@^5.28.2",
        "npm:tailwind-merge@^3.2.0",
        "npm:tailwind-variants@1",
        "npm:tailwindcss@^4.1.4",
        "npm:typescript@^5.8.3",
        "npm:vite@^6.3.3"
      ]
    }
  }
}
